{
  "name": "dumlog",
  "version": "1.0.0",
  "lockfileVersion": 3,
  "requires": true,
  "packages": {
    "": {
      "name": "dumlog",
      "version": "1.0.0",
      "license": "ISC",
      "dependencies": {
        "yaml": "^2.3.4"
      },
      "devDependencies": {
        "@tsconfig/node16": "^16.1.1"
      }
    },
    "node_modules/@tsconfig/node16": {
      "version": "16.1.1",
      "resolved": "https://registry.npmjs.org/@tsconfig/node16/-/node16-16.1.1.tgz",
      "integrity": "sha512-+pio93ejHN4nINX4pXqfnR/fPLRtJBaT4ORaa5RH0Oc1zoYmo2B2koG+M328CQhHKn1Wj6FcOxCDFXAot9NhvA==",
      "dev": true
    },
    "node_modules/yaml": {
      "version": "2.3.4",
      "resolved": "https://registry.npmjs.org/yaml/-/yaml-2.3.4.tgz",
      "integrity": "sha512-8aAvwVUSHpfEqTQ4w/KMlf3HcRdt50E5ODIQJBw1fQ5RL34xabzxtUlzTXVqc4rkZsPbvrXKWnABCD7kWSmocA==",
      "engines": {
        "node": ">= 14"
      }
    }
  }
}
